# THIS IS AN AUTOGENERATED FILE. DO NOT EDIT THIS FILE DIRECTLY.
# yarn lockfile v1


"@azure/msal-common@14.6.0":
  version "14.6.0"
  resolved "https://registry.yarnpkg.com/@azure/msal-common/-/msal-common-14.6.0.tgz#3a565f94e810a67ecbaa2cd8250e658876af8329"
  integrity sha512-AGusT/JvxdzJIYi5u0n97cmhd3pUT6UuI6rEkT5iDeT2FGcV0/EB8pk+dy6GLPpYg9vhDCuyoYrEZGd+2UeCCQ==

"@azure/msal-node@^2.0.2":
  version "2.6.1"
  resolved "https://registry.yarnpkg.com/@azure/msal-node/-/msal-node-2.6.1.tgz#097f2def63b70acb11a84ee74d6989ba2315f4af"
  integrity sha512-wYwz83pWatTNWUCkTi3cAOXbchad5FnZz/pbZz7b8Z6FuEqohXcTtg6BLip9SmcjN6FlbwUdJIZYOof2v1Gnrg==
  dependencies:
    "@azure/msal-common" "14.6.0"
    jsonwebtoken "^9.0.0"
    uuid "^8.3.0"

"@nxg-org/mineflayer-pathfinder@./":
  version "0.0.1"
  dependencies:
    "@nxg-org/mineflayer-physics-util" "^1.5.1"
    mineflayer "^4.10.1"

"@nxg-org/mineflayer-physics-util@^1.5.1":
  version "1.5.1"
  resolved "https://registry.yarnpkg.com/@nxg-org/mineflayer-physics-util/-/mineflayer-physics-util-1.5.1.tgz#9e3b002b2dfa5c07bf57a69e8da5c10dba51a8d5"
  integrity sha512-bmrH66Hb3Y6NU27jX0AdtBCmYQgNZCxwktaBTVNEckcmfQqC/LM9y9c+rK6nufacgserIH0sj55LNNo6doGZSg==
  dependencies:
    "@nxg-org/mineflayer-util-plugin" "^1.7.11"

"@nxg-org/mineflayer-util-plugin@^1.7.11":
  version "1.8.1"
  resolved "https://registry.yarnpkg.com/@nxg-org/mineflayer-util-plugin/-/mineflayer-util-plugin-1.8.1.tgz#2f801192313efb8d19f1d8f55c251846ce69cca8"
  integrity sha512-aK42xcPE4rY6zZGDDANlo7FaGdOpP137n0Ew4jCosR0G689BsU41mFOjH2myPSjRWmTIOqlfXqcktybpoe7aKQ==

"@types/node@*":
  version "20.11.0"
  resolved "https://registry.yarnpkg.com/@types/node/-/node-20.11.0.tgz#8e0b99e70c0c1ade1a86c4a282f7b7ef87c9552f"
  integrity sha512-o9bjXmDNcF7GbM4CNQpmi+TutCgap/K3w1JyKgxAjqx41zp9qlIAVFi0IhCNsJcXolEqLWhbFbEeL0PvYm4pcQ==
  dependencies:
    undici-types "~5.26.4"

"@types/readable-stream@^4.0.0":
  version "4.0.10"
  resolved "https://registry.yarnpkg.com/@types/readable-stream/-/readable-stream-4.0.10.tgz#009bb80d5211619cdccbe0a4c075ae18ef52eab1"
  integrity sha512-AbUKBjcC8SHmImNi4yK2bbjogQlkFSg7shZCcicxPQapniOlajG8GCc39lvXzCWX4lLRRs7DM3VAeSlqmEVZUA==
  dependencies:
    "@types/node" "*"
    safe-buffer "~5.1.1"

"@xboxreplay/errors@^0.1.0":
  version "0.1.0"
  resolved "https://registry.yarnpkg.com/@xboxreplay/errors/-/errors-0.1.0.tgz#e8daceb3c88c104872301d4193f54dc141a8d35a"
  integrity sha512-Tgz1d/OIPDWPeyOvuL5+aai5VCcqObhPnlI3skQuf80GVF3k1I0lPCnGC+8Cm5PV9aLBT5m8qPcJoIUQ2U4y9g==

"@xboxreplay/xboxlive-auth@^3.3.3":
  version "3.3.3"
  resolved "https://registry.yarnpkg.com/@xboxreplay/xboxlive-auth/-/xboxlive-auth-3.3.3.tgz#fd52821f4857c92bc30c2c19b18dac4ca7677e6f"
  integrity sha512-j0AU8pW10LM8O68CTZ5QHnvOjSsnPICy0oQcP7zyM7eWkDQ/InkiQiirQKsPn1XRYDl4ccNu0WM582s3UKwcBg==
  dependencies:
    "@xboxreplay/errors" "^0.1.0"
    axios "^0.21.1"

abort-controller@^3.0.0:
  version "3.0.0"
  resolved "https://registry.yarnpkg.com/abort-controller/-/abort-controller-3.0.0.tgz#eaf54d53b62bae4138e809ca225c8439a6efb392"
  integrity sha512-h8lQ8tacZYnR3vNQTgibj+tODHI5/+l06Au2Pcriv/Gmet0eaj4TwWH41sO9wnHDiQsEj19q0drzdWdeAHtweg==
  dependencies:
    event-target-shim "^5.0.0"

aes-js@^3.1.2:
  version "3.1.2"
  resolved "https://registry.yarnpkg.com/aes-js/-/aes-js-3.1.2.tgz#db9aabde85d5caabbfc0d4f2a4446960f627146a"
  integrity sha512-e5pEa2kBnBOgR4Y/p20pskXI74UEz7de8ZGVo58asOtvSVG5YAbJeELPZxOmt+Bnz3rX753YKhfIn4X4l1PPRQ==

ajv@^6.5.4:
  version "6.12.6"
  resolved "https://registry.yarnpkg.com/ajv/-/ajv-6.12.6.tgz#baf5a62e802b07d977034586f8c3baf5adf26df4"
  integrity sha512-j3fVLgvTo527anyYyJOGTYJbG+vnnQYvE0m5mmkc1TK+nxAppkCLMIL0aZ4dblVCNoGShhm+kzE4ZUykBoMg4g==
  dependencies:
    fast-deep-equal "^3.1.1"
    fast-json-stable-stringify "^2.0.0"
    json-schema-traverse "^0.4.1"
    uri-js "^4.2.2"

asn1@0.2.3:
  version "0.2.3"
  resolved "https://registry.yarnpkg.com/asn1/-/asn1-0.2.3.tgz#dac8787713c9966849fc8180777ebe9c1ddf3b86"
  integrity sha512-6i37w/+EhlWlGUJff3T/Q8u1RGmP5wgbiwYnOnbOqvtrPxT63/sYFyP9RcpxtxGymtfA075IvmOnL7ycNOWl3w==

axios@^0.21.1:
  version "0.21.4"
  resolved "https://registry.yarnpkg.com/axios/-/axios-0.21.4.tgz#c67b90dc0568e5c1cf2b0b858c43ba28e2eda575"
  integrity sha512-ut5vewkiu8jjGBdqpM44XxjuCjq9LAKeHVmoVfHVzy8eHgxxq8SbAVQNovDA8mVi05kP0Ea/n/UzcSHcTJQfNg==
  dependencies:
    follow-redirects "^1.14.0"

base64-js@^1.3.1:
  version "1.5.1"
  resolved "https://registry.yarnpkg.com/base64-js/-/base64-js-1.5.1.tgz#1b1b440160a5bf7ad40b650f095963481903930a"
  integrity sha512-AKpaYlHn8t4SVbOHCy+b5+KKgvR4vrsD8vbvrbiQJps7fKDTkjkDry6ji0rUJjC0kzbNePLwzxq8iypo41qeWA==

buffer-equal-constant-time@1.0.1:
  version "1.0.1"
  resolved "https://registry.yarnpkg.com/buffer-equal-constant-time/-/buffer-equal-constant-time-1.0.1.tgz#f8e71132f7ffe6e01a5c9697a4c6f3e48d5cc819"
  integrity sha512-zRpUiDwd/xk6ADqPMATG8vc9VPrkck7T07OIx0gnjmJAnHnTVXNQG3vfvWNuiZIkwu9KrKdA1iJKfsfTVxE6NA==

buffer-equal@^1.0.0:
  version "1.0.1"
  resolved "https://registry.yarnpkg.com/buffer-equal/-/buffer-equal-1.0.1.tgz#2f7651be5b1b3f057fcd6e7ee16cf34767077d90"
  integrity sha512-QoV3ptgEaQpvVwbXdSO39iqPQTCxSF7A5U99AxbHYqUdCizL/lH2Z0A2y6nbZucxMEOtNyZfG2s6gsVugGpKkg==

buffer@^6.0.3:
  version "6.0.3"
  resolved "https://registry.yarnpkg.com/buffer/-/buffer-6.0.3.tgz#2ace578459cc8fbe2a70aaa8f52ee63b6a74c6c6"
  integrity sha512-FTiCpNxtwiZZHEZbcbTIcZjERVICn9yq/pDFkTl95/AxzD1naBctN7YO68riM/gLSDY7sdrMby8hofADYuuqOA==
  dependencies:
    base64-js "^1.3.1"
    ieee754 "^1.2.1"

commander@^2.19.0:
  version "2.20.3"
  resolved "https://registry.yarnpkg.com/commander/-/commander-2.20.3.tgz#fd485e84c03eb4881c20722ba48035e8531aeb33"
  integrity sha512-GpVkmM8vF2vQUkj2LvZmD35JxeJOLCwJ9cUkugyk2nuhbv3+mJvpLYYt+0+USMxE+oj+ey/lJEnhZw75x/OMcQ==

debug@^4.3.2, debug@^4.3.3:
  version "4.3.4"
  resolved "https://registry.yarnpkg.com/debug/-/debug-4.3.4.tgz#1319f6579357f2338d3337d2cdd4914bb5dcc865"
  integrity sha512-PRWFHuSU3eDtQJPvnNY7Jcket1j0t5OuOsFzPPzsekD52Zl8qUfFIPEiswXqIvHWGVHOgX+7G/vCNNhehwxfkQ==
  dependencies:
    ms "2.1.2"

discontinuous-range@1.0.0:
  version "1.0.0"
  resolved "https://registry.yarnpkg.com/discontinuous-range/-/discontinuous-range-1.0.0.tgz#e38331f0844bba49b9a9cb71c771585aab1bc65a"
  integrity sha512-c68LpLbO+7kP/b1Hr1qs8/BJ09F5khZGTxqxZuhzxpmwJKOgRFHJWIb9/KmqnqHhLdO55aOxFH/EGBvUQbL/RQ==

ecdsa-sig-formatter@1.0.11:
  version "1.0.11"
  resolved "https://registry.yarnpkg.com/ecdsa-sig-formatter/-/ecdsa-sig-formatter-1.0.11.tgz#ae0f0fa2d85045ef14a817daa3ce9acd0489e5bf"
  integrity sha512-nagl3RYrbNv6kQkeJIpt6NJZy8twLB/2vtz6yN9Z4vRKHN4/QZJIEbqohALSgwKdnksuY3k5Addp5lg8sVoVcQ==
  dependencies:
    safe-buffer "^5.0.1"

endian-toggle@^0.0.0:
  version "0.0.0"
  resolved "https://registry.yarnpkg.com/endian-toggle/-/endian-toggle-0.0.0.tgz#e5cc7578b1032d6ee01eafcd73765db0db4dc0a6"
  integrity sha512-ShfqhXeHRE4TmggSlHXG8CMGIcsOsqDw/GcoPcosToE59Rm9e4aXaMhEQf2kPBsBRrKem1bbOAv5gOKnkliMFQ==

event-target-shim@^5.0.0:
  version "5.0.1"
  resolved "https://registry.yarnpkg.com/event-target-shim/-/event-target-shim-5.0.1.tgz#5d4d3ebdf9583d63a5333ce2deb7480ab2b05789"
  integrity sha512-i/2XbnSz/uxRCU6+NdVJgKWDTM427+MqYbkQzD321DuCQJUqOuJKIA0IM2+W2xtYHdKOmZ4dR6fExsd4SXL+WQ==

events@^3.3.0:
  version "3.3.0"
  resolved "https://registry.yarnpkg.com/events/-/events-3.3.0.tgz#31a95ad0a924e2d2c419a813aeb2c4e878ea7400"
  integrity sha512-mQw+2fkQbALzQ7V0MY0IqdnXNOeTtP4r0lN9z7AAawCXgqea7bDii20AYrIBrFd/Hx0M2Ocz6S111CaFkUcb0Q==

fast-deep-equal@^3.1.1:
  version "3.1.3"
  resolved "https://registry.yarnpkg.com/fast-deep-equal/-/fast-deep-equal-3.1.3.tgz#3a7d56b559d6cbc3eb512325244e619a65c6c525"
  integrity sha512-f3qQ9oQy9j2AhBe/H9VC91wLmKBCCU/gDOnKNAYG5hswO7BLKj09Hc5HYNz9cGI++xlpDCIgDaitVs03ATR84Q==

fast-json-stable-stringify@^2.0.0:
  version "2.1.0"
  resolved "https://registry.yarnpkg.com/fast-json-stable-stringify/-/fast-json-stable-stringify-2.1.0.tgz#874bf69c6f404c2b5d99c481341399fd55892633"
  integrity sha512-lhd/wF+Lk98HZoTCtlVraHtfh5XYijIjalXck7saUtuanSDyLMxnHhSXEDJqHxD7msR8D0uCmqlkwjCV8xvwHw==

follow-redirects@^1.14.0:
  version "1.15.5"
  resolved "https://registry.yarnpkg.com/follow-redirects/-/follow-redirects-1.15.5.tgz#54d4d6d062c0fa7d9d17feb008461550e3ba8020"
  integrity sha512-vSFWUON1B+yAw1VN4xMfxgn5fTUiaOzAJCKBwIIgT/+7CuGy9+r+5gITvP62j3RmaD5Ph65UaERdOSRGUzZtgw==

ieee754@^1.2.1:
  version "1.2.1"
  resolved "https://registry.yarnpkg.com/ieee754/-/ieee754-1.2.1.tgz#8eb7a10a63fff25d15a57b001586d177d1b0d352"
  integrity sha512-dcyqhDvX1C46lXZcVqCpK+FtMRQVdIMN6/Df5js2zouUsqG7I6sFxitIC+7KYK29KdXOLHdu9zL4sFnoVQnqaA==

inherits@^2.0.3:
  version "2.0.4"
  resolved "https://registry.yarnpkg.com/inherits/-/inherits-2.0.4.tgz#0fa2c64f932917c3433a0ded55363aae37416b7c"
  integrity sha512-k/vGaX4/Yla3WzyMCvTQOXYeIHvqOKtnqBduzTHpzpQZzAskKMhZ2K+EnBiSM9zGSoIFeMpXKxa4dYeZIQqewQ==

jose@^4.1.4:
  version "4.15.4"
  resolved "https://registry.yarnpkg.com/jose/-/jose-4.15.4.tgz#02a9a763803e3872cf55f29ecef0dfdcc218cc03"
  integrity sha512-W+oqK4H+r5sITxfxpSU+MMdr/YSWGvgZMQDIsNoBDGGy4i7GBPTtvFKibQzW06n3U3TqHjhvBJsirShsEJ6eeQ==

json-schema-traverse@^0.4.1:
  version "0.4.1"
  resolved "https://registry.yarnpkg.com/json-schema-traverse/-/json-schema-traverse-0.4.1.tgz#69f6a87d9513ab8bb8fe63bdb0979c448e684660"
  integrity sha512-xbbCH5dCYU5T8LcEhhuh7HJ88HXuW3qsI3Y0zOZFKfZEHcpWiHU/Jxzk629Brsab/mMiHQti9wMP+845RPe3Vg==

jsonwebtoken@^9.0.0:
  version "9.0.2"
  resolved "https://registry.yarnpkg.com/jsonwebtoken/-/jsonwebtoken-9.0.2.tgz#65ff91f4abef1784697d40952bb1998c504caaf3"
  integrity sha512-PRp66vJ865SSqOlgqS8hujT5U4AOgMfhrwYIuIhfKaoSCZcirrmASQr8CX7cUg+RMih+hgznrjp99o+W4pJLHQ==
  dependencies:
    jws "^3.2.2"
    lodash.includes "^4.3.0"
    lodash.isboolean "^3.0.3"
    lodash.isinteger "^4.0.4"
    lodash.isnumber "^3.0.3"
    lodash.isplainobject "^4.0.6"
    lodash.isstring "^4.0.1"
    lodash.once "^4.0.0"
    ms "^2.1.1"
    semver "^7.5.4"

jwa@^1.4.1:
  version "1.4.1"
  resolved "https://registry.yarnpkg.com/jwa/-/jwa-1.4.1.tgz#743c32985cb9e98655530d53641b66c8645b039a"
  integrity sha512-qiLX/xhEEFKUAJ6FiBMbes3w9ATzyk5W7Hvzpa/SLYdxNtng+gcurvrI7TbACjIXlsJyr05/S1oUhZrc63evQA==
  dependencies:
    buffer-equal-constant-time "1.0.1"
    ecdsa-sig-formatter "1.0.11"
    safe-buffer "^5.0.1"

jws@^3.2.2:
  version "3.2.2"
  resolved "https://registry.yarnpkg.com/jws/-/jws-3.2.2.tgz#001099f3639468c9414000e99995fa52fb478304"
  integrity sha512-YHlZCB6lMTllWDtSPHz/ZXTsi8S00usEV6v1tjq8tOUZzw7DpSDWVXjXDre6ed1w/pd495ODpHZYSdkRTsa0HA==
  dependencies:
    jwa "^1.4.1"
    safe-buffer "^5.0.1"

lodash.get@^4.1.2, lodash.get@^4.4.2:
  version "4.4.2"
  resolved "https://registry.yarnpkg.com/lodash.get/-/lodash.get-4.4.2.tgz#2d177f652fa31e939b4438d5341499dfa3825e99"
  integrity sha512-z+Uw/vLuy6gQe8cfaFWD7p0wVv8fJl3mbzXh33RS+0oW2wvUqiRXiQ69gLWSLpgB5/6sU+r6BlQR0MBILadqTQ==

lodash.includes@^4.3.0:
  version "4.3.0"
  resolved "https://registry.yarnpkg.com/lodash.includes/-/lodash.includes-4.3.0.tgz#60bb98a87cb923c68ca1e51325483314849f553f"
  integrity sha512-W3Bx6mdkRTGtlJISOvVD/lbqjTlPPUDTMnlXZFnVwi9NKJ6tiAk6LVdlhZMm17VZisqhKcgzpO5Wz91PCt5b0w==

lodash.isboolean@^3.0.3:
  version "3.0.3"
  resolved "https://registry.yarnpkg.com/lodash.isboolean/-/lodash.isboolean-3.0.3.tgz#6c2e171db2a257cd96802fd43b01b20d5f5870f6"
  integrity sha512-Bz5mupy2SVbPHURB98VAcw+aHh4vRV5IPNhILUCsOzRmsTmSQ17jIuqopAentWoehktxGd9e/hbIXq980/1QJg==

lodash.isinteger@^4.0.4:
  version "4.0.4"
  resolved "https://registry.yarnpkg.com/lodash.isinteger/-/lodash.isinteger-4.0.4.tgz#619c0af3d03f8b04c31f5882840b77b11cd68343"
  integrity sha512-DBwtEWN2caHQ9/imiNeEA5ys1JoRtRfY3d7V9wkqtbycnAmTvRRmbHKDV4a0EYc678/dia0jrte4tjYwVBaZUA==

lodash.isnumber@^3.0.3:
  version "3.0.3"
  resolved "https://registry.yarnpkg.com/lodash.isnumber/-/lodash.isnumber-3.0.3.tgz#3ce76810c5928d03352301ac287317f11c0b1ffc"
  integrity sha512-QYqzpfwO3/CWf3XP+Z+tkQsfaLL/EnUlXWVkIk5FUPc4sBdTehEqZONuyRt2P67PXAk+NXmTBcc97zw9t1FQrw==

lodash.isplainobject@^4.0.6:
  version "4.0.6"
  resolved "https://registry.yarnpkg.com/lodash.isplainobject/-/lodash.isplainobject-4.0.6.tgz#7c526a52d89b45c45cc690b88163be0497f550cb"
  integrity sha512-oSXzaWypCMHkPC3NvBEaPHf0KsA5mvPrOPgQWDsbg8n7orZ290M0BmC/jgRZ4vcJ6DTAhjrsSYgdsW/F+MFOBA==

lodash.isstring@^4.0.1:
  version "4.0.1"
  resolved "https://registry.yarnpkg.com/lodash.isstring/-/lodash.isstring-4.0.1.tgz#d527dfb5456eca7cc9bb95d5daeaf88ba54a5451"
  integrity sha512-0wJxfxH1wgO3GrbuP+dTTk7op+6L41QCXbGINEmD+ny/G/eCqGzxyCsh7159S+mgDDcoarnBw6PC1PS5+wUGgw==

lodash.merge@^4.3.0:
  version "4.6.2"
  resolved "https://registry.yarnpkg.com/lodash.merge/-/lodash.merge-4.6.2.tgz#558aa53b43b661e1925a0afdfa36a9a1085fe57a"
  integrity sha512-0KpjqXRVvrYyCsX1swR/XTK0va6VQkQM6MNo7PqW77ByjAhoARA8EfrP1N4+KlKj8YS0ZUCtRT/YUuhyYDujIQ==

lodash.once@^4.0.0:
  version "4.1.1"
  resolved "https://registry.yarnpkg.com/lodash.once/-/lodash.once-4.1.1.tgz#0dd3971213c7c56df880977d504c88fb471a97ac"
  integrity sha512-Sb487aTOCr9drQVL8pIxOzVhafOjZN9UU54hiN8PU3uAiSV7lx1yYNpbNmex2PK6dSJoNTSJUUswT651yww3Mg==

lodash.reduce@^4.6.0:
  version "4.6.0"
  resolved "https://registry.yarnpkg.com/lodash.reduce/-/lodash.reduce-4.6.0.tgz#f1ab6b839299ad48f784abbf476596f03b914d3b"
  integrity sha512-6raRe2vxCYBhpBu+B+TtNGUzah+hQjVdu3E17wfusjyrXBka2nBS8OH/gjVZ5PvHOhWmIZTYri09Z6n/QfnNMw==

lru-cache@^10.1.0:
  version "10.1.0"
  resolved "https://registry.yarnpkg.com/lru-cache/-/lru-cache-10.1.0.tgz#2098d41c2dc56500e6c88584aa656c84de7d0484"
  integrity sha512-/1clY/ui8CzjKFyjdvwPWJUYKiFVXG2I2cY0ssG7h4+hwk+XOIX7ZSG9Q7TW8TW3Kp3BUSqgFWBLgL4PJ+Blag==

lru-cache@^6.0.0:
  version "6.0.0"
  resolved "https://registry.yarnpkg.com/lru-cache/-/lru-cache-6.0.0.tgz#6d6fe6570ebd96aaf90fcad1dafa3b2566db3a94"
  integrity sha512-Jo6dJ04CmSjuznwJSS3pUeWmd/H0ffTlkXXgwZi+eq1UCmqQwCh+eLsYOYCwY991i2Fah4h1BEMCx4qThGbsiA==
  dependencies:
    yallist "^4.0.0"

macaddress@^0.5.1:
  version "0.5.3"
  resolved "https://registry.yarnpkg.com/macaddress/-/macaddress-0.5.3.tgz#2b9d6832be934cb775749f30f57d6537184a2bda"
  integrity sha512-vGBKTA+jwM4KgjGZ+S/8/Mkj9rWzePyGY6jManXPGhiWu63RYwW8dKPyk5koP+8qNVhPhHgFa1y/MJ4wrjsNrg==

minecraft-data@^3.0.0, minecraft-data@^3.38.0, minecraft-data@^3.44.0, minecraft-data@^3.53.0:
  version "3.59.2"
  resolved "https://registry.yarnpkg.com/minecraft-data/-/minecraft-data-3.59.2.tgz#457fd8a3d3e16feec651290ed95b2aced4bbf7bf"
  integrity sha512-ra2xsZ1d0UvcxF77ZtpPqKUchU8pjlhPsh/cX/IW7H3yQSA4j7vPSl2ztD+bzfszAmS6qeHjQK/LifUHmlmK/Q==

minecraft-folder-path@^1.2.0:
  version "1.2.0"
  resolved "https://registry.yarnpkg.com/minecraft-folder-path/-/minecraft-folder-path-1.2.0.tgz#08ea450bfb20dbb02cf6e1470864e2f0d652e477"
  integrity sha512-qaUSbKWoOsH9brn0JQuBhxNAzTDMwrOXorwuRxdJKKKDYvZhtml+6GVCUrY5HRiEsieBEjCUnhVpDuQiKsiFaw==

minecraft-protocol@^1.44.0:
  version "1.45.0"
  resolved "https://registry.yarnpkg.com/minecraft-protocol/-/minecraft-protocol-1.45.0.tgz#5fe5e65b7a6cde595766c165a6932a55cc475dfd"
  integrity sha512-vnw78FShBljUziQY8dNElJHJvQIscEPa97wEOiykOodUJKQiBDWB3ZETAd0CYzEFapS7SAlEiNuqFgJdG9o5aQ==
  dependencies:
    "@types/readable-stream" "^4.0.0"
    aes-js "^3.1.2"
    buffer-equal "^1.0.0"
    debug "^4.3.2"
    endian-toggle "^0.0.0"
    lodash.get "^4.1.2"
    lodash.merge "^4.3.0"
    minecraft-data "^3.53.0"
    minecraft-folder-path "^1.2.0"
    node-fetch "^2.6.1"
    node-rsa "^0.4.2"
    prismarine-auth "^2.2.0"
    prismarine-nbt "^2.5.0"
    prismarine-realms "^1.2.0"
    protodef "^1.8.0"
    readable-stream "^4.1.0"
    uuid-1345 "^1.0.1"
    yggdrasil "^1.4.0"

mineflayer@^4.10.1:
  version "4.17.0"
  resolved "https://registry.yarnpkg.com/mineflayer/-/mineflayer-4.17.0.tgz#df116fee12908e47fb4d08896532152188aaa39e"
  integrity sha512-Bu5vwv3rhVjyMV8jtR/i+2SmJHXPdfUAIHQ2JBCwY/w+dpjsIu+gW97l+zBz365HraRO0i+kKb3xxSluAHp7hQ==
  dependencies:
    minecraft-data "^3.44.0"
    minecraft-protocol "^1.44.0"
    prismarine-biome "^1.1.1"
    prismarine-block "^1.17.0"
    prismarine-chat "^1.7.1"
    prismarine-chunk "^1.34.0"
    prismarine-entity "^2.3.0"
    prismarine-item "^1.14.0"
    prismarine-nbt "^2.0.0"
    prismarine-physics "^1.8.0"
    prismarine-recipe "^1.3.0"
    prismarine-registry "^1.5.0"
    prismarine-windows "^2.8.0"
    prismarine-world "^3.6.0"
    protodef "^1.14.0"
    typed-emitter "^1.0.0"
    vec3 "^0.1.7"

mojangson@^2.0.1:
  version "2.0.4"
  resolved "https://registry.yarnpkg.com/mojangson/-/mojangson-2.0.4.tgz#ddf2f2ea17580222b52ce00bf7323713d72c25b6"
  integrity sha512-HYmhgDjr1gzF7trGgvcC/huIg2L8FsVbi/KacRe6r1AswbboGVZDS47SOZlomPuMWvZLas8m9vuHHucdZMwTmQ==
  dependencies:
    nearley "^2.19.5"

moo@^0.5.0:
  version "0.5.2"
  resolved "https://registry.yarnpkg.com/moo/-/moo-0.5.2.tgz#f9fe82473bc7c184b0d32e2215d3f6e67278733c"
  integrity sha512-iSAJLHYKnX41mKcJKjqvnAN9sf0LMDTXDEvFv+ffuRR9a1MIuXLjMNL6EsnDHSkKLTWNqQQ5uo61P4EbU4NU+Q==

ms@2.1.2:
  version "2.1.2"
  resolved "https://registry.yarnpkg.com/ms/-/ms-2.1.2.tgz#d09d1f357b443f493382a8eb3ccd183872ae6009"
  integrity sha512-sGkPx+VjMtmA6MX27oA4FBFELFCZZ4S4XqeGOXCv68tT+jb3vk/RyaKWP0PTKyWtmLSM0b+adUTEvbs1PEaH2w==

ms@^2.1.1:
  version "2.1.3"
  resolved "https://registry.yarnpkg.com/ms/-/ms-2.1.3.tgz#574c8138ce1d2b5861f0b44579dbadd60c6615b2"
  integrity sha512-6FlzubTLZG3J2a/NVCAleEhjzq5oxgHyaCU9yYXvcLsvoVaHJq/s5xXI6/XXP6tz7R9xAOtHnSO/tXtF3WRTlA==

nearley@^2.19.5:
  version "2.20.1"
  resolved "https://registry.yarnpkg.com/nearley/-/nearley-2.20.1.tgz#246cd33eff0d012faf197ff6774d7ac78acdd474"
  integrity sha512-+Mc8UaAebFzgV+KpI5n7DasuuQCHA89dmwm7JXw3TV43ukfNQ9DnBH3Mdb2g/I4Fdxc26pwimBWvjIw0UAILSQ==
  dependencies:
    commander "^2.19.0"
    moo "^0.5.0"
    railroad-diagrams "^1.0.0"
    randexp "0.4.6"

node-fetch@^2.6.1:
  version "2.7.0"
  resolved "https://registry.yarnpkg.com/node-fetch/-/node-fetch-2.7.0.tgz#d0f0fa6e3e2dc1d27efcd8ad99d550bda94d187d"
  integrity sha512-c4FRfUm/dbcWZ7U+1Wq0AwCyFL+3nt2bEw05wfxSz+DWpWsitgmSgYmy2dQdWyKC1694ELPqMs/YzUSNozLt8A==
  dependencies:
    whatwg-url "^5.0.0"

node-rsa@^0.4.2:
  version "0.4.2"
  resolved "https://registry.yarnpkg.com/node-rsa/-/node-rsa-0.4.2.tgz#d6391729ec16a830ed5a38042b3157d2d5d72530"
  integrity sha512-Bvso6Zi9LY4otIZefYrscsUpo2mUpiAVIEmSZV2q41sP8tHZoert3Yu6zv4f/RXJqMNZQKCtnhDugIuCma23YA==
  dependencies:
    asn1 "0.2.3"

prismarine-auth@^2.2.0:
  version "2.4.0"
  resolved "https://registry.yarnpkg.com/prismarine-auth/-/prismarine-auth-2.4.0.tgz#faa817935d865423fd8d9547eec3ab63e0af82d2"
  integrity sha512-4tUtvfvVlymRG/KNCm7E8XZWqbmDme6BrfHDmuC11bXQJKZmfkvyrRcblXuq/Vv87jdhD3HokgWZZcjriZTP0w==
  dependencies:
    "@azure/msal-node" "^2.0.2"
    "@xboxreplay/xboxlive-auth" "^3.3.3"
    debug "^4.3.3"
    jose "^4.1.4"
    node-fetch "^2.6.1"
    smart-buffer "^4.1.0"
    uuid-1345 "^1.0.2"

prismarine-biome@^1.1.0, prismarine-biome@^1.1.1, prismarine-biome@^1.2.0:
  version "1.3.0"
  resolved "https://registry.yarnpkg.com/prismarine-biome/-/prismarine-biome-1.3.0.tgz#53b122fc7c3968f43f1639e823e7bd1b829fab46"
  integrity sha512-GY6nZxq93mTErT7jD7jt8YS1aPrOakbJHh39seYsJFXvueIOdHAmW16kYQVrTVMW5MlWLQVxV/EquRwOgr4MnQ==

prismarine-block@^1.14.1, prismarine-block@^1.17.0:
  version "1.17.1"
  resolved "https://registry.yarnpkg.com/prismarine-block/-/prismarine-block-1.17.1.tgz#0c8b338f8a7bc84c7605b77956110e2a2c157de2"
  integrity sha512-r1TIn/b5v77BX4a+qd+Yv+4/vZpsC/Jp5ElYxd6++2wpCnqiuxVG7BlS2Eo14vez1M2gt3qoNEl54Hr8qox/rQ==
  dependencies:
    minecraft-data "^3.38.0"
    prismarine-biome "^1.1.0"
    prismarine-chat "^1.5.0"
    prismarine-item "^1.10.1"
    prismarine-nbt "^2.0.0"
    prismarine-registry "^1.1.0"

prismarine-chat@^1.4.1, prismarine-chat@^1.5.0, prismarine-chat@^1.7.1:
  version "1.9.1"
  resolved "https://registry.yarnpkg.com/prismarine-chat/-/prismarine-chat-1.9.1.tgz#2419fabf35feaf637238c148feb972c03e793277"
  integrity sha512-x7WWa5MNhiLZSO6tw+YyKpzquFZ+DNISVgiV6K3SU0GsishMXe+nto02WhF/4AuFerKdugm9u1d/r4C4zSkJOg==
  dependencies:
    mojangson "^2.0.1"
    prismarine-item "^1.10.0"
    prismarine-nbt "^2.0.0"
    prismarine-registry "^1.4.0"

prismarine-chunk@^1.34.0:
  version "1.35.0"
  resolved "https://registry.yarnpkg.com/prismarine-chunk/-/prismarine-chunk-1.35.0.tgz#14c54dad42254a3d5efa93c160f2896f0fda1d01"
  integrity sha512-Q1lElMUle7wWxWdQjbZo3j2/dLNG325j90IcbbMmBTnHdQSWIjWFe792XOz3RVBlvrhRJEiZk38S6/eQTQ9esw==
  dependencies:
    prismarine-biome "^1.2.0"
    prismarine-block "^1.14.1"
    prismarine-nbt "^2.2.1"
    prismarine-registry "^1.1.0"
    smart-buffer "^4.1.0"
    uint4 "^0.1.2"
    vec3 "^0.1.3"
    xxhash-wasm "^0.4.2"

prismarine-entity@^2.3.0:
  version "2.4.0"
  resolved "https://registry.yarnpkg.com/prismarine-entity/-/prismarine-entity-2.4.0.tgz#37bf8e15650c5672fadc092acda393f86d7ddda0"
  integrity sha512-DBwjmoCX1IYAhN99KwYkk2rMArn65JHTzuuGXchr4GLWQs7UN4Pf9tELqBwNOu4r57x3RaW0+9+0sI3FvJQWzQ==
  dependencies:
    prismarine-chat "^1.4.1"
    prismarine-item "^1.11.2"
    prismarine-registry "^1.4.0"
    vec3 "^0.1.4"

prismarine-item@^1.10.0, prismarine-item@^1.10.1, prismarine-item@^1.11.2, prismarine-item@^1.12.2, prismarine-item@^1.14.0:
  version "1.14.0"
  resolved "https://registry.yarnpkg.com/prismarine-item/-/prismarine-item-1.14.0.tgz#e79da9921e101fda08ca435e1b1cf73c04d8e03c"
  integrity sha512-udQHYGJ05klFe8Kkc0TOmwoXj5Xl1ZPgHVoMbGUAFB9exN4TFxEa1A39vkSYhxP5Et9PNufQQvFBFVom0nXikA==
  dependencies:
    prismarine-nbt "^2.0.0"
    prismarine-registry "^1.4.0"

prismarine-nbt@^2.0.0, prismarine-nbt@^2.2.1, prismarine-nbt@^2.5.0:
  version "2.5.0"
  resolved "https://registry.yarnpkg.com/prismarine-nbt/-/prismarine-nbt-2.5.0.tgz#966e9a051adb164b4228889cd5ce48e14d4b073b"
  integrity sha512-F0/8UAa9SDDnAGrBYqZc4nG8h2zj5cE2eAJU5xlDR/IsQQ3moVxkOjE3h3nMv6SbvZrvAcgX7waA/nd9LLHYdA==
  dependencies:
    protodef "^1.9.0"

prismarine-physics@^1.8.0:
  version "1.8.0"
  resolved "https://registry.yarnpkg.com/prismarine-physics/-/prismarine-physics-1.8.0.tgz#04910de9144e0c2eb589f24cf895c352b6ce6ed0"
  integrity sha512-gbM+S+bmVtOKVv+Z0WGaHMeEeBHISIDsRDRlv8sr0dex3ZJRhuq8djA02CBreguXtI18ZKh6q3TSj2qDr45NHA==
  dependencies:
    minecraft-data "^3.0.0"
    prismarine-nbt "^2.0.0"
    vec3 "^0.1.7"

prismarine-realms@^1.2.0:
  version "1.3.2"
  resolved "https://registry.yarnpkg.com/prismarine-realms/-/prismarine-realms-1.3.2.tgz#063e366f52dd31e1407727c0728f579047ad5e4e"
  integrity sha512-5apl9Ru8veTj5q2OozRc4GZOuSIcs3yY4UEtALiLKHstBe8bRw8vNlaz4Zla3jsQ8yP/ul1b1IJINTRbocuA6g==
  dependencies:
    debug "^4.3.3"
    node-fetch "^2.6.1"

prismarine-recipe@^1.3.0:
  version "1.3.1"
  resolved "https://registry.yarnpkg.com/prismarine-recipe/-/prismarine-recipe-1.3.1.tgz#e2da9cb55f1ab0dca9d3175f495f6e16a6fb4c99"
  integrity sha512-xfa9E9ACoaDi+YzNQ+nk8kWSIqt5vSZOOCHIT+dTXscf/dng2HaJ/59uwe1D/jvOkAd2OvM6RRJM6fFe0q/LDA==

prismarine-registry@^1.1.0, prismarine-registry@^1.4.0, prismarine-registry@^1.5.0, prismarine-registry@^1.7.0:
  version "1.7.0"
  resolved "https://registry.yarnpkg.com/prismarine-registry/-/prismarine-registry-1.7.0.tgz#8c92e5625c7c713f29e5bb790f24936244cae09f"
  integrity sha512-yyva0FpWI078nNeMhx8ekVza5uUTYhEv+C+ADu3wUQXiG8qhXkvrf0uzsnhTgZL8BLdsi2axgCEiKw9qSKIuxQ==
  dependencies:
    minecraft-data "^3.0.0"
    prismarine-nbt "^2.0.0"

prismarine-windows@^2.8.0:
  version "2.8.0"
  resolved "https://registry.yarnpkg.com/prismarine-windows/-/prismarine-windows-2.8.0.tgz#a22c963b67125a011392b870ef1167206a635631"
  integrity sha512-9HVhJ8tfCeRubYwQzgz8oiHNAebMJ5hDdjm45PZwrOgewaislnR2HDsbPMWiCcyWkYL7J8bVLVoSzEzv5pH98g==
  dependencies:
    prismarine-item "^1.12.2"
    prismarine-registry "^1.7.0"
    typed-emitter "^2.1.0"

prismarine-world@^3.6.0:
  version "3.6.2"
  resolved "https://registry.yarnpkg.com/prismarine-world/-/prismarine-world-3.6.2.tgz#344ab67e90246daabc467db36d98e1dd09f4f207"
  integrity sha512-xNNo3bd8EnCMjiPbVrh3jYa1Upa8Krkb13BgO7FOOfD5ZYf+iYDZewBtDbHYWzZZB2N0JlTtimMOHRhZhDJirw==
  dependencies:
    vec3 "^0.1.7"

process@^0.11.10:
  version "0.11.10"
  resolved "https://registry.yarnpkg.com/process/-/process-0.11.10.tgz#7332300e840161bda3e69a1d1d91a7d4bc16f182"
  integrity sha512-cdGef/drWFoydD1JsMzuFf8100nZl+GT+yacc2bEced5f9Rjk4z+WtFUTBu9PhOi9j/jfmBPu0mMEY4wIdAF8A==

protodef-validator@^1.3.0:
  version "1.3.1"
  resolved "https://registry.yarnpkg.com/protodef-validator/-/protodef-validator-1.3.1.tgz#bcdec416d25a8c17be19074bb16d157afa37d183"
  integrity sha512-lZ5FWKZYR9xOjpMw1+EfZRfCjzNRQWPq+Dk+jki47Sikl2EeWEPnTfnJERwnU/EwFq6us+0zqHHzSsmLeYX+Lg==
  dependencies:
    ajv "^6.5.4"

protodef@^1.14.0, protodef@^1.8.0, protodef@^1.9.0:
  version "1.15.0"
  resolved "https://registry.yarnpkg.com/protodef/-/protodef-1.15.0.tgz#ce7cfcb95730bac1a56a8a859cc3868d2f6f1936"
  integrity sha512-bZ2Omw8dT+DACjJHLrBWZlqN4MlT9g9oSpJDdkUAJOStUzgJp+Zn42FJfPUdwutUxjaxA0PftN0PDlNa2XbneA==
  dependencies:
    lodash.get "^4.4.2"
    lodash.reduce "^4.6.0"
    protodef-validator "^1.3.0"
    readable-stream "^3.0.3"

punycode@^2.1.0:
  version "2.3.1"
  resolved "https://registry.yarnpkg.com/punycode/-/punycode-2.3.1.tgz#027422e2faec0b25e1549c3e1bd8309b9133b6e5"
  integrity sha512-vYt7UD1U9Wg6138shLtLOvdAu+8DsC/ilFtEVHcH+wydcSpNE20AfSOduf6MkRFahL5FY7X1oU7nKVZFtfq8Fg==

railroad-diagrams@^1.0.0:
  version "1.0.0"
  resolved "https://registry.yarnpkg.com/railroad-diagrams/-/railroad-diagrams-1.0.0.tgz#eb7e6267548ddedfb899c1b90e57374559cddb7e"
  integrity sha512-cz93DjNeLY0idrCNOH6PviZGRN9GJhsdm9hpn1YCS879fj4W+x5IFJhhkRZcwVgMmFF7R82UA/7Oh+R8lLZg6A==

randexp@0.4.6:
  version "0.4.6"
  resolved "https://registry.yarnpkg.com/randexp/-/randexp-0.4.6.tgz#e986ad5e5e31dae13ddd6f7b3019aa7c87f60ca3"
  integrity sha512-80WNmd9DA0tmZrw9qQa62GPPWfuXJknrmVmLcxvq4uZBdYqb1wYoKTmnlGUchvVWe0XiLupYkBoXVOxz3C8DYQ==
  dependencies:
    discontinuous-range "1.0.0"
    ret "~0.1.10"

readable-stream@^3.0.3:
  version "3.6.2"
  resolved "https://registry.yarnpkg.com/readable-stream/-/readable-stream-3.6.2.tgz#56a9b36ea965c00c5a93ef31eb111a0f11056967"
  integrity sha512-9u/sniCrY3D5WdsERHzHE4G2YCXqoG5FTHUiCC4SIbr6XcLZBY05ya9EKjYek9O5xOAwjGq+1JdGBAS7Q9ScoA==
  dependencies:
    inherits "^2.0.3"
    string_decoder "^1.1.1"
    util-deprecate "^1.0.1"

readable-stream@^4.1.0:
  version "4.5.2"
  resolved "https://registry.yarnpkg.com/readable-stream/-/readable-stream-4.5.2.tgz#9e7fc4c45099baeed934bff6eb97ba6cf2729e09"
  integrity sha512-yjavECdqeZ3GLXNgRXgeQEdz9fvDDkNKyHnbHRFtOr7/LcfgBcmct7t/ET+HaCTqfh06OzoAxrkN/IfjJBVe+g==
  dependencies:
    abort-controller "^3.0.0"
    buffer "^6.0.3"
    events "^3.3.0"
    process "^0.11.10"
    string_decoder "^1.3.0"

ret@~0.1.10:
  version "0.1.15"
  resolved "https://registry.yarnpkg.com/ret/-/ret-0.1.15.tgz#b8a4825d5bdb1fc3f6f53c2bc33f81388681c7bc"
  integrity sha512-TTlYpa+OL+vMMNG24xSlQGEJ3B/RzEfUlLct7b5G/ytav+wPrplCpVMFuwzXbkecJrb6IYo1iFb0S9v37754mg==

rxjs@^7.5.2:
  version "7.8.1"
  resolved "https://registry.yarnpkg.com/rxjs/-/rxjs-7.8.1.tgz#6f6f3d99ea8044291efd92e7c7fcf562c4057543"
  integrity sha512-AA3TVj+0A2iuIoQkWEK/tqFjBq2j+6PO6Y0zJcvzLAFhEFIO3HL0vls9hWLncZbAAbK0mar7oZ4V079I/qPMxg==
  dependencies:
    tslib "^2.1.0"

safe-buffer@^5.0.1, safe-buffer@~5.2.0:
  version "5.2.1"
  resolved "https://registry.yarnpkg.com/safe-buffer/-/safe-buffer-5.2.1.tgz#1eaf9fa9bdb1fdd4ec75f58f9cdb4e6b7827eec6"
  integrity sha512-rp3So07KcdmmKbGvgaNxQSJr7bGVSVk5S9Eq1F+ppbRo70+YeaDxkw5Dd8NPN+GD6bjnYm2VuPuCXmpuYvmCXQ==

safe-buffer@~5.1.1:
  version "5.1.2"
  resolved "https://registry.yarnpkg.com/safe-buffer/-/safe-buffer-5.1.2.tgz#991ec69d296e0313747d59bdfd2b745c35f8828d"
  integrity sha512-Gd2UZBJDkXlY7GbJxfsE8/nvKkUEU1G38c1siN6QP6a9PT9MmHB8GnpscSmMJSoF8LOIrt8ud/wPtojys4G6+g==

semver@^7.5.4:
  version "7.5.4"
  resolved "https://registry.yarnpkg.com/semver/-/semver-7.5.4.tgz#483986ec4ed38e1c6c48c34894a9182dbff68a6e"
  integrity sha512-1bCSESV6Pv+i21Hvpxp3Dx+pSD8lIPt8uVjRrxAUt/nbswYc+tK6Y2btiULjd4+fnq15PX+nqQDC7Oft7WkwcA==
  dependencies:
    lru-cache "^6.0.0"

smart-buffer@^4.1.0:
  version "4.2.0"
  resolved "https://registry.yarnpkg.com/smart-buffer/-/smart-buffer-4.2.0.tgz#6e1d71fa4f18c05f7d0ff216dd16a481d0e8d9ae"
  integrity sha512-94hK0Hh8rPqQl2xXc3HsaBoOXKV20MToPkcXvwbISWLEs+64sBq5kFgn2kJDHb1Pry9yrP0dxrCI9RRci7RXKg==

string_decoder@^1.1.1, string_decoder@^1.3.0:
  version "1.3.0"
  resolved "https://registry.yarnpkg.com/string_decoder/-/string_decoder-1.3.0.tgz#42f114594a46cf1a8e30b0a84f56c78c3edac21e"
  integrity sha512-hkRX8U1WjJFd8LsDJ2yQ/wWWxaopEsABU1XfkM8A+j0+85JAGppt16cr1Whg6KIbb4okU6Mql6BOj+uup/wKeA==
  dependencies:
    safe-buffer "~5.2.0"

tr46@~0.0.3:
  version "0.0.3"
  resolved "https://registry.yarnpkg.com/tr46/-/tr46-0.0.3.tgz#8184fd347dac9cdc185992f3a6622e14b9d9ab6a"
  integrity sha512-N3WMsuqV66lT30CrXNbEjx4GEwlow3v6rr4mCcv6prnfwhS01rkgyFdjPNBYd9br7LpXV1+Emh01fHnq2Gdgrw==

tslib@^2.1.0:
  version "2.6.2"
  resolved "https://registry.yarnpkg.com/tslib/-/tslib-2.6.2.tgz#703ac29425e7b37cd6fd456e92404d46d1f3e4ae"
  integrity sha512-AEYxH93jGFPn/a2iVAwW87VuUIkR1FVUKB77NwMF7nBTDkDrrT/Hpt/IrCJ0QXhW27jTBDcf5ZY7w6RiqTMw2Q==

typed-emitter@^1.0.0:
  version "1.4.0"
  resolved "https://registry.yarnpkg.com/typed-emitter/-/typed-emitter-1.4.0.tgz#38c6bf1224e764906bb20cb0b458fa914100607c"
  integrity sha512-weBmoo3HhpKGgLBOYwe8EB31CzDFuaK7CCL+axXhUYhn4jo6DSkHnbefboCF5i4DQ2aMFe0C/FdTWcPdObgHyg==

typed-emitter@^2.1.0:
  version "2.1.0"
  resolved "https://registry.yarnpkg.com/typed-emitter/-/typed-emitter-2.1.0.tgz#ca78e3d8ef1476f228f548d62e04e3d4d3fd77fb"
  integrity sha512-g/KzbYKbH5C2vPkaXGu8DJlHrGKHLsM25Zg9WuC9pMGfuvT+X25tZQWo5fK1BjBm8+UrVE9LDCvaY0CQk+fXDA==
  optionalDependencies:
    rxjs "^7.5.2"

typescript@^5.1.6:
  version "5.3.3"
  resolved "https://registry.yarnpkg.com/typescript/-/typescript-5.3.3.tgz#b3ce6ba258e72e6305ba66f5c9b452aaee3ffe37"
  integrity sha512-pXWcraxM0uxAS+tN0AG/BF2TyqmHO014Z070UsJ+pFvYuRSq8KH8DmWpnbXe0pEPDHXZV3FcAbJkijJ5oNEnWw==

uint4@^0.1.2:
  version "0.1.2"
  resolved "https://registry.yarnpkg.com/uint4/-/uint4-0.1.2.tgz#50c5ae04b85d28128f2df3cc0ecc4d41abc2f681"
  integrity sha512-lhEx78gdTwFWG+mt6cWAZD/R6qrIj0TTBeH5xwyuDJyswLNlGe+KVlUPQ6+mx5Ld332pS0AMUTo9hIly7YsWxQ==

undici-types@~5.26.4:
  version "5.26.5"
  resolved "https://registry.yarnpkg.com/undici-types/-/undici-types-5.26.5.tgz#bcd539893d00b56e964fd2657a4866b221a65617"
  integrity sha512-JlCMO+ehdEIKqlFxk6IfVoAUVmgz7cU7zD/h9XZ0qzeosSHmUJVOzSQvvYSYWXkFXC+IfLKSIffhv0sVZup6pA==

uri-js@^4.2.2:
  version "4.4.1"
  resolved "https://registry.yarnpkg.com/uri-js/-/uri-js-4.4.1.tgz#9b1a52595225859e55f669d928f88c6c57f2a77e"
  integrity sha512-7rKUyy33Q1yc98pQ1DAmLtwX109F7TIfWlW1Ydo8Wl1ii1SeHieeh0HHfPeL2fMXK6z0s8ecKs9frCuLJvndBg==
  dependencies:
    punycode "^2.1.0"

util-deprecate@^1.0.1:
  version "1.0.2"
  resolved "https://registry.yarnpkg.com/util-deprecate/-/util-deprecate-1.0.2.tgz#450d4dc9fa70de732762fbd2d4a28981419a0ccf"
  integrity sha512-EPD5q1uXyFxJpCrLnCc1nHnq3gOa6DZBocAIiI2TaSCA7VCJ1UJDMagCzIkXNsUYfD1daK//LTEQ8xiIbrHtcw==

uuid-1345@^1.0.1, uuid-1345@^1.0.2:
  version "1.0.2"
  resolved "https://registry.yarnpkg.com/uuid-1345/-/uuid-1345-1.0.2.tgz#1c43d074507c40494278d5236199bffac81e19b8"
  integrity sha512-bA5zYZui+3nwAc0s3VdGQGBfbVsJLVX7Np7ch2aqcEWFi5lsAEcmO3+lx3djM1npgpZI8KY2FITZ2uYTnYUYyw==
  dependencies:
    macaddress "^0.5.1"

uuid@^8.2.0, uuid@^8.3.0:
  version "8.3.2"
  resolved "https://registry.yarnpkg.com/uuid/-/uuid-8.3.2.tgz#80d5b5ced271bb9af6c445f21a1a04c606cefbe2"
  integrity sha512-+NYs2QeMWy+GWFOEm9xnn6HCDp0l7QBD7ml8zLUmJ+93Q5NF0NocErnwkTkXVFNiX3/fpC6afS8Dhb/gz7R7eg==

vec3@^0.1.3, vec3@^0.1.4, vec3@^0.1.7, vec3@^0.1.8:
  version "0.1.10"
  resolved "https://registry.yarnpkg.com/vec3/-/vec3-0.1.10.tgz#939aa046ad75c08556abde6be57170cf5e691bc6"
  integrity sha512-Sr1U3mYtMqCOonGd3LAN9iqy0qF6C+Gjil92awyK/i2OwiUo9bm7PnLgFpafymun50mOjnDcg4ToTgRssrlTcw==

webidl-conversions@^3.0.0:
  version "3.0.1"
  resolved "https://registry.yarnpkg.com/webidl-conversions/-/webidl-conversions-3.0.1.tgz#24534275e2a7bc6be7bc86611cc16ae0a5654871"
  integrity sha512-2JAn3z8AR6rjK8Sm8orRC0h/bcl/DqL7tRPdGZ4I1CjdF+EaMLmYxBHyXuKL849eucPFhvBoxMsflfOb8kxaeQ==

whatwg-url@^5.0.0:
  version "5.0.0"
  resolved "https://registry.yarnpkg.com/whatwg-url/-/whatwg-url-5.0.0.tgz#966454e8765462e37644d3626f6742ce8b70965d"
  integrity sha512-saE57nupxk6v3HY35+jzBwYa0rKSy0XR8JSxZPwgLr7ys0IBzhGviA1/TUGJLmSVqs8pb9AnvICXEuOHLprYTw==
  dependencies:
    tr46 "~0.0.3"
    webidl-conversions "^3.0.0"

xxhash-wasm@^0.4.2:
  version "0.4.2"
  resolved "https://registry.yarnpkg.com/xxhash-wasm/-/xxhash-wasm-0.4.2.tgz#752398c131a4dd407b5132ba62ad372029be6f79"
  integrity sha512-/eyHVRJQCirEkSZ1agRSCwriMhwlyUcFkXD5TPVSLP+IPzjsqMVzZwdoczLp1SoQU0R3dxz1RpIK+4YNQbCVOA==

yallist@^4.0.0:
  version "4.0.0"
  resolved "https://registry.yarnpkg.com/yallist/-/yallist-4.0.0.tgz#9bb92790d9c0effec63be73519e11a35019a3a72"
  integrity sha512-3wdGidZyq5PB084XLES5TpOSRA3wjXAlIWMhum2kRcv/41Sn2emQ0dycQW4uZXLejwKvg6EsvbdlVL+FYEct7A==

yggdrasil@^1.4.0:
  version "1.7.0"
  resolved "https://registry.yarnpkg.com/yggdrasil/-/yggdrasil-1.7.0.tgz#bfe9fabfd3600078cd1fa0d4445bf6fc6bf46149"
  integrity sha512-QBIo5fiNd7688G3FqXXYGr36uyrYzczlNuzpWFy2zL3+R+3KT2lF+wFxm51synfA3l3z6IBiGOc1/EVXWCYY1Q==
  dependencies:
    node-fetch "^2.6.1"
    uuid "^8.2.0"
